{
  "name": "@civ-clone/library-diplomacy",
  "version": "0.1.0",
  "lockfileVersion": 2,
  "requires": true,
  "packages": {
    "": {
      "name": "@civ-clone/library-diplomacy",
      "version": "0.1.0",
      "license": "MIT",
      "dependencies": {
        "@civ-clone/base-city-yield-gold": "^0.1.0",
        "@civ-clone/base-diplomacy-declaration-peace": "^0.1.0",
        "@civ-clone/base-diplomacy-declaration-war": "^0.1.0",
        "@civ-clone/base-diplomacy-interaction-contact": "^0.1.0",
        "@civ-clone/core-diplomacy": "^0.1.0",
        "@civ-clone/core-player": "^0.1.7",
        "@civ-clone/core-rule": "^0.1.3",
        "@civ-clone/core-science": "^0.1.4",
        "@civ-clone/core-treasury": "^0.1.4"
      },
      "devDependencies": {
        "@types/node": "^14.0.0",
        "prettier": "^2.0.0",
        "typescript": "^4.0.0"
      }
    },
    "node_modules/@civ-clone/base-city-yield-gold": {
      "version": "0.1.0",
      "resolved": "https://registry.npmjs.org/@civ-clone/base-city-yield-gold/-/base-city-yield-gold-0.1.0.tgz",
      "integrity": "sha512-r0gdpwUhwRoB3QzEXOcMkzAutu09IeFJHRaJR/9sY7hp4DmQ450WrR51QMH5i5JMuI+6E1CV7edB9UKKm40HKQ==",
      "dependencies": {
        "@civ-clone/core-yield": "^0.1.0"
      }
    },
    "node_modules/@civ-clone/base-diplomacy-declaration-peace": {
      "version": "0.1.0",
      "resolved": "https://registry.npmjs.org/@civ-clone/base-diplomacy-declaration-peace/-/base-diplomacy-declaration-peace-0.1.0.tgz",
      "integrity": "sha512-FBPDBFHFmqdZT0KEvQc0NgBTkpq2THCTBFqJNq2Hlk3bWGVu7tbqjtmotIhBUIAGdbkam+h1dWhSzkJuZ9Qg3g==",
      "dependencies": {
        "@civ-clone/core-diplomacy": "^0.1.0"
      }
    },
    "node_modules/@civ-clone/base-diplomacy-declaration-war": {
      "version": "0.1.0",
      "resolved": "https://registry.npmjs.org/@civ-clone/base-diplomacy-declaration-war/-/base-diplomacy-declaration-war-0.1.0.tgz",
      "integrity": "sha512-DL1qCzMrsW3w9GlfjkK3JZb1Rm5tXNJUCfaoYWv9N2l92TQJuONDLfTgRzp0nCTiaPShlK0tYNci3CEPbxXkEA==",
      "dependencies": {
        "@civ-clone/core-diplomacy": "^0.1.0"
      }
    },
    "node_modules/@civ-clone/base-diplomacy-interaction-contact": {
      "version": "0.1.0",
      "resolved": "https://registry.npmjs.org/@civ-clone/base-diplomacy-interaction-contact/-/base-diplomacy-interaction-contact-0.1.0.tgz",
      "integrity": "sha512-RUhyxpTl8lPS61bt0oUx787eHot2PqxmTVNuILs98LBiNQyRhQaN9pz2INATWkWLH+pe55app0ksEnioNy/cEw==",
      "dependencies": {
        "@civ-clone/core-diplomacy": "^0.1.0",
        "@civ-clone/core-player": "^0.1.0",
        "@civ-clone/core-unit": "^0.1.0"
      }
    },
    "node_modules/@civ-clone/core-city": {
      "version": "0.1.10",
      "resolved": "https://registry.npmjs.org/@civ-clone/core-city/-/core-city-0.1.10.tgz",
      "integrity": "sha512-pui1Ryo/sAizoeYWW5SKvRIIkRIoBEEmlC3x74gx3e7BVViAIFo/d4gkN8JUzJxY/3eHFJ/hHiJcWKdRNYDg7w==",
      "dependencies": {
        "@civ-clone/core-data-object": "^0.1.0",
        "@civ-clone/core-player": "^0.1.0",
        "@civ-clone/core-registry": "^0.1.0",
        "@civ-clone/core-rule": "^0.1.0",
        "@civ-clone/core-world": "^0.1.0",
        "@civ-clone/core-yield": "^0.1.0"
      }
    },
    "node_modules/@civ-clone/core-city-build": {
      "version": "0.1.7",
      "resolved": "https://registry.npmjs.org/@civ-clone/core-city-build/-/core-city-build-0.1.7.tgz",
      "integrity": "sha512-DD4nqh2rYxW+fEg0z4r7OSkRQ8BAYbWSrjyIyGkF5Nrk6agKVuVNAY3Xc+7Bqg9bQt83vJQmA9UaLaxWlb0jzg==",
      "dependencies": {
        "@civ-clone/core-city": "^0.1.0",
        "@civ-clone/core-data-object": "^0.1.0",
        "@civ-clone/core-player": "^0.1.0",
        "@civ-clone/core-registry": "^0.1.0",
        "@civ-clone/core-rule": "^0.1.0",
        "@civ-clone/core-yield": "^0.1.0"
      }
    },
    "node_modules/@civ-clone/core-civilization": {
      "version": "0.1.3",
      "resolved": "https://registry.npmjs.org/@civ-clone/core-civilization/-/core-civilization-0.1.3.tgz",
      "integrity": "sha512-G4nwynXc8LobBphSNEshmfDs+94sj6UdMFlpEDvleAG13hMOPC5WtKCPSwpGpxfRaQwGS3lkyuYx5MNF4cA6sw==",
      "dependencies": {
        "@civ-clone/core-data-object": "^0.1.0",
        "@civ-clone/core-registry": "^0.1.0",
        "@civ-clone/core-yield": "^0.1.0"
      }
    },
    "node_modules/@civ-clone/core-client": {
      "version": "0.1.2",
      "resolved": "https://registry.npmjs.org/@civ-clone/core-client/-/core-client-0.1.2.tgz",
      "integrity": "sha512-pcyA3cn4r0c+gT8cQulhljjBQY540vO5HcMx61v1qCFA9jdwwpvmgSnLWgDiIjLcNSCfThMxl8O5WBDfEsPNuA==",
      "dependencies": {
        "@civ-clone/core-civilization": "^0.1.0",
        "@civ-clone/core-data-object": "^0.1.0",
        "@civ-clone/core-player": "^0.1.0",
        "@civ-clone/core-registry": "^0.1.0"
      }
    },
    "node_modules/@civ-clone/core-data-object": {
      "version": "0.1.12",
      "resolved": "https://registry.npmjs.org/@civ-clone/core-data-object/-/core-data-object-0.1.12.tgz",
      "integrity": "sha512-hvDWU9QGNnejrcmJAzoKROMtRumpGKF7fxDMDaEK+qiBiLcHsEWvHpATzGeuah6AFqVuWtzbbxn5zDw0Aq+bOQ==",
      "dependencies": {
        "@civ-clone/core-registry": "^0.1.0"
      }
    },
    "node_modules/@civ-clone/core-diplomacy": {
      "version": "0.1.2",
      "resolved": "https://registry.npmjs.org/@civ-clone/core-diplomacy/-/core-diplomacy-0.1.2.tgz",
      "integrity": "sha512-BlrKB7S5gc4b9iYQyBEXZZupIu6+7MWVQF3cKEYh2hX0vcdGHnH3Msk2CxBBH7w7VHTz1KU/n96oi8+UeoE8iw==",
      "dependencies": {
        "@civ-clone/core-client": "^0.1.1",
        "@civ-clone/core-data-object": "^0.1.0",
        "@civ-clone/core-player": "^0.1.0",
        "@civ-clone/core-registry": "^0.1.0",
        "@civ-clone/core-rule": "^0.1.3",
        "@civ-clone/core-turn-based-game": "^0.1.5"
      }
    },
    "node_modules/@civ-clone/core-engine": {
      "version": "0.1.3",
      "resolved": "https://registry.npmjs.org/@civ-clone/core-engine/-/core-engine-0.1.3.tgz",
      "integrity": "sha512-1SOkY4nr2GRXz8LrwcuHfNitR9QQbyvh4WlYPp9kpjiJsmbBJY5i1u5Av3A0g4yB4m/FGUtsgq0CsWXNgw2UIw==",
      "dependencies": {
        "@civ-clone/core-rule": "^0.1.0",
        "@dom111/typed-event-emitter": "^0.1.2"
      }
    },
    "node_modules/@civ-clone/core-player": {
      "version": "0.1.7",
      "resolved": "https://registry.npmjs.org/@civ-clone/core-player/-/core-player-0.1.7.tgz",
      "integrity": "sha512-z3kuSE3LA5/U1u0O6MNGnt7AjskMu6zKfMxgYF9+ZgZlFxfxi2DFqu/owuaRH7qZaAbELq9iKLwY6Z4PiisLUg==",
      "dependencies": {
        "@civ-clone/core-civilization": "^0.1.0",
        "@civ-clone/core-data-object": "^0.1.0",
        "@civ-clone/core-registry": "^0.1.0",
        "@civ-clone/core-rule": "^0.1.0",
        "@civ-clone/core-world": "^0.1.10"
      }
    },
    "node_modules/@civ-clone/core-registry": {
      "version": "0.1.1",
      "resolved": "https://registry.npmjs.org/@civ-clone/core-registry/-/core-registry-0.1.1.tgz",
      "integrity": "sha512-QmeffB0fmNLjIQMAgiZBQugOqWhOzgDpzgKB4KQtdkMrhjKV0jZw2VfM0mbEyqqem4hrSLsbrLkcA9aJh5NMXw=="
    },
    "node_modules/@civ-clone/core-rule": {
      "version": "0.1.3",
      "resolved": "https://registry.npmjs.org/@civ-clone/core-rule/-/core-rule-0.1.3.tgz",
      "integrity": "sha512-mAN8Mc2TiT8ulGWTCVhWo5UwxR4PjN3I5BLQYQ8bVy750iw4cLHoib/tRKXkYS1Qm0ETiI7c9GEMdYNDBdZ+pQ==",
      "dependencies": {
        "@civ-clone/core-registry": "^0.1.0"
      }
    },
    "node_modules/@civ-clone/core-science": {
      "version": "0.1.4",
      "resolved": "https://registry.npmjs.org/@civ-clone/core-science/-/core-science-0.1.4.tgz",
      "integrity": "sha512-Hoa1VPAJ5wAs9tQ8DrFsulXzbB4cYPGFQPX4KuXoehetKv6V/6ClGW9skqxhL9HyRQcz96gV1Coiuyypo2QrQw==",
      "dependencies": {
        "@civ-clone/core-data-object": "^0.1.0",
        "@civ-clone/core-player": "^0.1.0",
        "@civ-clone/core-registry": "^0.1.0",
        "@civ-clone/core-rule": "^0.1.0",
        "@civ-clone/core-yield": "^0.1.0"
      }
    },
    "node_modules/@civ-clone/core-terrain": {
      "version": "0.1.2",
      "resolved": "https://registry.npmjs.org/@civ-clone/core-terrain/-/core-terrain-0.1.2.tgz",
      "integrity": "sha512-eFBRIri06plxKQHtTtJIKnbl211HhylXInveeN7XqRvJUXq0paiwksI8Z7AqN5M+6bDe8OO+SXXnHwVdg1J8Dg==",
      "dependencies": {
        "@civ-clone/core-data-object": "^0.1.0",
        "@civ-clone/core-registry": "^0.1.0",
        "@civ-clone/core-rule": "^0.1.0"
      }
    },
    "node_modules/@civ-clone/core-treasury": {
      "version": "0.1.4",
      "resolved": "https://registry.npmjs.org/@civ-clone/core-treasury/-/core-treasury-0.1.4.tgz",
      "integrity": "sha512-2H2oo7r7vy5Vhk6ye7yXVhsVo/Z2V0bqczuW19Dw41GwaNFvVmv9O4XNt3ytDw9vgFboKC0+rz0rsdZtZoQVrQ==",
      "dependencies": {
        "@civ-clone/core-city": "^0.1.0",
        "@civ-clone/core-city-build": "^0.1.0",
        "@civ-clone/core-data-object": "^0.1.0",
        "@civ-clone/core-player": "^0.1.0",
        "@civ-clone/core-registry": "^0.1.0",
        "@civ-clone/core-rule": "^0.1.0",
        "@civ-clone/core-yield": "^0.1.0"
      }
    },
    "node_modules/@civ-clone/core-turn-based-game": {
      "version": "0.1.5",
      "resolved": "https://registry.npmjs.org/@civ-clone/core-turn-based-game/-/core-turn-based-game-0.1.5.tgz",
      "integrity": "sha512-EcEqJol5JyO9JVA2IP90yui6nrfuOLeeqtSbjZ0fQ3ZsAfKf5izmKnFkD92RYvf9fEObBhZP9os+sPmfIgEeug==",
      "dependencies": {
        "@civ-clone/core-data-object": "^0.1.9",
        "@civ-clone/core-engine": "^0.1.0",
        "@civ-clone/core-rule": "^0.1.0",
        "@civ-clone/core-yield": "^0.1.0"
      }
    },
    "node_modules/@civ-clone/core-unit": {
      "version": "0.1.16",
      "resolved": "https://registry.npmjs.org/@civ-clone/core-unit/-/core-unit-0.1.16.tgz",
      "integrity": "sha512-Cbl7ZHDXeWq8LzUpYhSZApNiiPwgB7XkrSfWCkDSjANmMlOg+vMkkxBJu+Mi/l8CRmsL+GyvZAplkqcc+NZQ6g==",
      "dependencies": {
        "@civ-clone/core-city": "^0.1.0",
        "@civ-clone/core-city-build": "^0.1.3",
        "@civ-clone/core-data-object": "^0.1.0",
        "@civ-clone/core-player": "^0.1.0",
        "@civ-clone/core-registry": "^0.1.0",
        "@civ-clone/core-rule": "^0.1.0",
        "@civ-clone/core-turn-based-game": "^0.1.0",
        "@civ-clone/core-world": "^0.1.0",
        "@civ-clone/core-yield": "^0.1.0"
      }
    },
    "node_modules/@civ-clone/core-world": {
      "version": "0.1.10",
      "resolved": "https://registry.npmjs.org/@civ-clone/core-world/-/core-world-0.1.10.tgz",
      "integrity": "sha512-H1pcRIZhArVgRhFOW9VS2khNeYu30GmR+gSxlVF08KA6O7y2ks3k0C23EPjTcox9/ytBumRZhA85HxmPNFgGFw==",
      "dependencies": {
        "@civ-clone/core-data-object": "^0.1.0",
        "@civ-clone/core-player": "^0.1.0",
        "@civ-clone/core-registry": "^0.1.0",
        "@civ-clone/core-rule": "^0.1.0",
        "@civ-clone/core-terrain": "^0.1.0",
        "@civ-clone/core-world-generator": "^0.1.0",
        "@civ-clone/core-yield": "^0.1.0"
      }
    },
    "node_modules/@civ-clone/core-world-generator": {
      "version": "0.1.3",
      "resolved": "https://registry.npmjs.org/@civ-clone/core-world-generator/-/core-world-generator-0.1.3.tgz",
      "integrity": "sha512-6Q7VNisEAnh6kYxMDDuLTHof+l+u0oWMq7vCe+P7srK3H9tF0w0C0hl6DyziUn3shgp/2mjWBZngWm0/8PV0bw==",
      "dependencies": {
        "@civ-clone/core-player": "^0.1.6",
        "@civ-clone/core-registry": "^0.1.0",
        "@civ-clone/core-rule": "^0.1.0",
        "@civ-clone/core-terrain": "^0.1.0",
        "@civ-clone/core-world": "^0.1.10"
      }
    },
    "node_modules/@civ-clone/core-yield": {
      "version": "0.1.4",
      "resolved": "https://registry.npmjs.org/@civ-clone/core-yield/-/core-yield-0.1.4.tgz",
      "integrity": "sha512-zXUcbQpmutleplRbwRU5O0Z/QAtBdGExpPC5UfoX34XvfkZN68A1O0PQf1xNL+5i4jHyUNldh0+biUnbzI4sWg==",
      "dependencies": {
        "@civ-clone/core-data-object": "^0.1.0",
        "@civ-clone/core-registry": "^0.1.0"
      }
    },
    "node_modules/@dom111/typed-event-emitter": {
      "version": "0.1.2",
      "resolved": "https://registry.npmjs.org/@dom111/typed-event-emitter/-/typed-event-emitter-0.1.2.tgz",
      "integrity": "sha512-bYq57LL7+p4iTDjwkccauT94Z3TiYuCL3CCBSdHLwcefexpfLUiGX41yTXbK2xKKSfoX4NsDAH1TvXArBPWMJw=="
    },
    "node_modules/@types/node": {
      "version": "14.18.42",
      "resolved": "https://registry.npmjs.org/@types/node/-/node-14.18.42.tgz",
      "integrity": "sha512-xefu+RBie4xWlK8hwAzGh3npDz/4VhF6icY/shU+zv/1fNn+ZVG7T7CRwe9LId9sAYRPxI+59QBPuKL3WpyGRg==",
      "dev": true
    },
    "node_modules/prettier": {
      "version": "2.8.7",
      "resolved": "https://registry.npmjs.org/prettier/-/prettier-2.8.7.tgz",
      "integrity": "sha512-yPngTo3aXUUmyuTjeTUT75txrf+aMh9FiD7q9ZE/i6r0bPb22g4FsE6Y338PQX1bmfy08i9QQCB7/rcUAVntfw==",
      "dev": true,
      "bin": {
        "prettier": "bin-prettier.js"
      },
      "engines": {
        "node": ">=10.13.0"
      },
      "funding": {
        "url": "https://github.com/prettier/prettier?sponsor=1"
      }
    },
    "node_modules/typescript": {
      "version": "4.9.5",
      "resolved": "https://registry.npmjs.org/typescript/-/typescript-4.9.5.tgz",
      "integrity": "sha512-1FXk9E2Hm+QzZQ7z+McJiHL4NW1F2EzMu9Nq9i3zAaGqibafqYwCVU6WyWAuyQRRzOlxou8xZSyXLEN8oKj24g==",
      "dev": true,
      "bin": {
        "tsc": "bin/tsc",
        "tsserver": "bin/tsserver"
      },
      "engines": {
        "node": ">=4.2.0"
      }
    }
  },
  "dependencies": {
    "@civ-clone/base-city-yield-gold": {
      "version": "0.1.0",
      "resolved": "https://registry.npmjs.org/@civ-clone/base-city-yield-gold/-/base-city-yield-gold-0.1.0.tgz",
      "integrity": "sha512-r0gdpwUhwRoB3QzEXOcMkzAutu09IeFJHRaJR/9sY7hp4DmQ450WrR51QMH5i5JMuI+6E1CV7edB9UKKm40HKQ==",
      "requires": {
        "@civ-clone/core-yield": "^0.1.0"
      }
    },
    "@civ-clone/base-diplomacy-declaration-peace": {
      "version": "0.1.0",
      "resolved": "https://registry.npmjs.org/@civ-clone/base-diplomacy-declaration-peace/-/base-diplomacy-declaration-peace-0.1.0.tgz",
      "integrity": "sha512-FBPDBFHFmqdZT0KEvQc0NgBTkpq2THCTBFqJNq2Hlk3bWGVu7tbqjtmotIhBUIAGdbkam+h1dWhSzkJuZ9Qg3g==",
      "requires": {
        "@civ-clone/core-diplomacy": "^0.1.0"
      }
    },
    "@civ-clone/base-diplomacy-declaration-war": {
      "version": "0.1.0",
      "resolved": "https://registry.npmjs.org/@civ-clone/base-diplomacy-declaration-war/-/base-diplomacy-declaration-war-0.1.0.tgz",
      "integrity": "sha512-DL1qCzMrsW3w9GlfjkK3JZb1Rm5tXNJUCfaoYWv9N2l92TQJuONDLfTgRzp0nCTiaPShlK0tYNci3CEPbxXkEA==",
      "requires": {
        "@civ-clone/core-diplomacy": "^0.1.0"
      }
    },
    "@civ-clone/base-diplomacy-interaction-contact": {
      "version": "0.1.0",
      "resolved": "https://registry.npmjs.org/@civ-clone/base-diplomacy-interaction-contact/-/base-diplomacy-interaction-contact-0.1.0.tgz",
      "integrity": "sha512-RUhyxpTl8lPS61bt0oUx787eHot2PqxmTVNuILs98LBiNQyRhQaN9pz2INATWkWLH+pe55app0ksEnioNy/cEw==",
      "requires": {
        "@civ-clone/core-diplomacy": "^0.1.0",
        "@civ-clone/core-player": "^0.1.0",
        "@civ-clone/core-unit": "^0.1.0"
      }
    },
    "@civ-clone/core-city": {
      "version": "0.1.10",
      "resolved": "https://registry.npmjs.org/@civ-clone/core-city/-/core-city-0.1.10.tgz",
      "integrity": "sha512-pui1Ryo/sAizoeYWW5SKvRIIkRIoBEEmlC3x74gx3e7BVViAIFo/d4gkN8JUzJxY/3eHFJ/hHiJcWKdRNYDg7w==",
      "requires": {
        "@civ-clone/core-data-object": "^0.1.0",
        "@civ-clone/core-player": "^0.1.0",
        "@civ-clone/core-registry": "^0.1.0",
        "@civ-clone/core-rule": "^0.1.0",
        "@civ-clone/core-world": "^0.1.0",
        "@civ-clone/core-yield": "^0.1.0"
      }
    },
    "@civ-clone/core-city-build": {
      "version": "0.1.7",
      "resolved": "https://registry.npmjs.org/@civ-clone/core-city-build/-/core-city-build-0.1.7.tgz",
      "integrity": "sha512-DD4nqh2rYxW+fEg0z4r7OSkRQ8BAYbWSrjyIyGkF5Nrk6agKVuVNAY3Xc+7Bqg9bQt83vJQmA9UaLaxWlb0jzg==",
      "requires": {
        "@civ-clone/core-city": "^0.1.0",
        "@civ-clone/core-data-object": "^0.1.0",
        "@civ-clone/core-player": "^0.1.0",
        "@civ-clone/core-registry": "^0.1.0",
        "@civ-clone/core-rule": "^0.1.0",
        "@civ-clone/core-yield": "^0.1.0"
      }
    },
    "@civ-clone/core-civilization": {
      "version": "0.1.3",
      "resolved": "https://registry.npmjs.org/@civ-clone/core-civilization/-/core-civilization-0.1.3.tgz",
      "integrity": "sha512-G4nwynXc8LobBphSNEshmfDs+94sj6UdMFlpEDvleAG13hMOPC5WtKCPSwpGpxfRaQwGS3lkyuYx5MNF4cA6sw==",
      "requires": {
        "@civ-clone/core-data-object": "^0.1.0",
        "@civ-clone/core-registry": "^0.1.0",
        "@civ-clone/core-yield": "^0.1.0"
      }
    },
    "@civ-clone/core-client": {
      "version": "0.1.2",
      "resolved": "https://registry.npmjs.org/@civ-clone/core-client/-/core-client-0.1.2.tgz",
      "integrity": "sha512-pcyA3cn4r0c+gT8cQulhljjBQY540vO5HcMx61v1qCFA9jdwwpvmgSnLWgDiIjLcNSCfThMxl8O5WBDfEsPNuA==",
      "requires": {
        "@civ-clone/core-civilization": "^0.1.0",
        "@civ-clone/core-data-object": "^0.1.0",
        "@civ-clone/core-player": "^0.1.0",
        "@civ-clone/core-registry": "^0.1.0"
      }
    },
    "@civ-clone/core-data-object": {
      "version": "0.1.12",
      "resolved": "https://registry.npmjs.org/@civ-clone/core-data-object/-/core-data-object-0.1.12.tgz",
      "integrity": "sha512-hvDWU9QGNnejrcmJAzoKROMtRumpGKF7fxDMDaEK+qiBiLcHsEWvHpATzGeuah6AFqVuWtzbbxn5zDw0Aq+bOQ==",
      "requires": {
        "@civ-clone/core-registry": "^0.1.0"
      }
    },
    "@civ-clone/core-diplomacy": {
      "version": "0.1.2",
      "resolved": "https://registry.npmjs.org/@civ-clone/core-diplomacy/-/core-diplomacy-0.1.2.tgz",
      "integrity": "sha512-BlrKB7S5gc4b9iYQyBEXZZupIu6+7MWVQF3cKEYh2hX0vcdGHnH3Msk2CxBBH7w7VHTz1KU/n96oi8+UeoE8iw==",
      "requires": {
        "@civ-clone/core-client": "^0.1.1",
        "@civ-clone/core-data-object": "^0.1.0",
        "@civ-clone/core-player": "^0.1.0",
        "@civ-clone/core-registry": "^0.1.0",
        "@civ-clone/core-rule": "^0.1.3",
        "@civ-clone/core-turn-based-game": "^0.1.5"
      }
    },
    "@civ-clone/core-engine": {
      "version": "0.1.3",
      "resolved": "https://registry.npmjs.org/@civ-clone/core-engine/-/core-engine-0.1.3.tgz",
      "integrity": "sha512-1SOkY4nr2GRXz8LrwcuHfNitR9QQbyvh4WlYPp9kpjiJsmbBJY5i1u5Av3A0g4yB4m/FGUtsgq0CsWXNgw2UIw==",
      "requires": {
        "@civ-clone/core-rule": "^0.1.0",
        "@dom111/typed-event-emitter": "^0.1.2"
      }
    },
    "@civ-clone/core-player": {
      "version": "0.1.7",
      "resolved": "https://registry.npmjs.org/@civ-clone/core-player/-/core-player-0.1.7.tgz",
      "integrity": "sha512-z3kuSE3LA5/U1u0O6MNGnt7AjskMu6zKfMxgYF9+ZgZlFxfxi2DFqu/owuaRH7qZaAbELq9iKLwY6Z4PiisLUg==",
      "requires": {
        "@civ-clone/core-civilization": "^0.1.0",
        "@civ-clone/core-data-object": "^0.1.0",
        "@civ-clone/core-registry": "^0.1.0",
        "@civ-clone/core-rule": "^0.1.0",
        "@civ-clone/core-world": "^0.1.10"
      }
    },
    "@civ-clone/core-registry": {
      "version": "0.1.1",
      "resolved": "https://registry.npmjs.org/@civ-clone/core-registry/-/core-registry-0.1.1.tgz",
      "integrity": "sha512-QmeffB0fmNLjIQMAgiZBQugOqWhOzgDpzgKB4KQtdkMrhjKV0jZw2VfM0mbEyqqem4hrSLsbrLkcA9aJh5NMXw=="
    },
    "@civ-clone/core-rule": {
      "version": "0.1.3",
      "resolved": "https://registry.npmjs.org/@civ-clone/core-rule/-/core-rule-0.1.3.tgz",
      "integrity": "sha512-mAN8Mc2TiT8ulGWTCVhWo5UwxR4PjN3I5BLQYQ8bVy750iw4cLHoib/tRKXkYS1Qm0ETiI7c9GEMdYNDBdZ+pQ==",
      "requires": {
        "@civ-clone/core-registry": "^0.1.0"
      }
    },
    "@civ-clone/core-science": {
      "version": "0.1.4",
      "resolved": "https://registry.npmjs.org/@civ-clone/core-science/-/core-science-0.1.4.tgz",
      "integrity": "sha512-Hoa1VPAJ5wAs9tQ8DrFsulXzbB4cYPGFQPX4KuXoehetKv6V/6ClGW9skqxhL9HyRQcz96gV1Coiuyypo2QrQw==",
      "requires": {
        "@civ-clone/core-data-object": "^0.1.0",
        "@civ-clone/core-player": "^0.1.0",
        "@civ-clone/core-registry": "^0.1.0",
        "@civ-clone/core-rule": "^0.1.0",
        "@civ-clone/core-yield": "^0.1.0"
      }
    },
    "@civ-clone/core-terrain": {
      "version": "0.1.2",
      "resolved": "https://registry.npmjs.org/@civ-clone/core-terrain/-/core-terrain-0.1.2.tgz",
      "integrity": "sha512-eFBRIri06plxKQHtTtJIKnbl211HhylXInveeN7XqRvJUXq0paiwksI8Z7AqN5M+6bDe8OO+SXXnHwVdg1J8Dg==",
      "requires": {
        "@civ-clone/core-data-object": "^0.1.0",
        "@civ-clone/core-registry": "^0.1.0",
        "@civ-clone/core-rule": "^0.1.0"
      }
    },
    "@civ-clone/core-treasury": {
      "version": "0.1.4",
      "resolved": "https://registry.npmjs.org/@civ-clone/core-treasury/-/core-treasury-0.1.4.tgz",
      "integrity": "sha512-2H2oo7r7vy5Vhk6ye7yXVhsVo/Z2V0bqczuW19Dw41GwaNFvVmv9O4XNt3ytDw9vgFboKC0+rz0rsdZtZoQVrQ==",
      "requires": {
        "@civ-clone/core-city": "^0.1.0",
        "@civ-clone/core-city-build": "^0.1.0",
        "@civ-clone/core-data-object": "^0.1.0",
        "@civ-clone/core-player": "^0.1.0",
        "@civ-clone/core-registry": "^0.1.0",
        "@civ-clone/core-rule": "^0.1.0",
        "@civ-clone/core-yield": "^0.1.0"
      }
    },
    "@civ-clone/core-turn-based-game": {
      "version": "0.1.5",
      "resolved": "https://registry.npmjs.org/@civ-clone/core-turn-based-game/-/core-turn-based-game-0.1.5.tgz",
      "integrity": "sha512-EcEqJol5JyO9JVA2IP90yui6nrfuOLeeqtSbjZ0fQ3ZsAfKf5izmKnFkD92RYvf9fEObBhZP9os+sPmfIgEeug==",
      "requires": {
        "@civ-clone/core-data-object": "^0.1.9",
        "@civ-clone/core-engine": "^0.1.0",
        "@civ-clone/core-rule": "^0.1.0",
        "@civ-clone/core-yield": "^0.1.0"
      }
    },
    "@civ-clone/core-unit": {
      "version": "0.1.16",
      "resolved": "https://registry.npmjs.org/@civ-clone/core-unit/-/core-unit-0.1.16.tgz",
      "integrity": "sha512-Cbl7ZHDXeWq8LzUpYhSZApNiiPwgB7XkrSfWCkDSjANmMlOg+vMkkxBJu+Mi/l8CRmsL+GyvZAplkqcc+NZQ6g==",
      "requires": {
        "@civ-clone/core-city": "^0.1.0",
        "@civ-clone/core-city-build": "^0.1.3",
        "@civ-clone/core-data-object": "^0.1.0",
        "@civ-clone/core-player": "^0.1.0",
        "@civ-clone/core-registry": "^0.1.0",
        "@civ-clone/core-rule": "^0.1.0",
        "@civ-clone/core-turn-based-game": "^0.1.0",
        "@civ-clone/core-world": "^0.1.0",
        "@civ-clone/core-yield": "^0.1.0"
      }
    },
    "@civ-clone/core-world": {
      "version": "0.1.10",
      "resolved": "https://registry.npmjs.org/@civ-clone/core-world/-/core-world-0.1.10.tgz",
      "integrity": "sha512-H1pcRIZhArVgRhFOW9VS2khNeYu30GmR+gSxlVF08KA6O7y2ks3k0C23EPjTcox9/ytBumRZhA85HxmPNFgGFw==",
      "requires": {
        "@civ-clone/core-data-object": "^0.1.0",
        "@civ-clone/core-player": "^0.1.0",
        "@civ-clone/core-registry": "^0.1.0",
        "@civ-clone/core-rule": "^0.1.0",
        "@civ-clone/core-terrain": "^0.1.0",
        "@civ-clone/core-world-generator": "^0.1.0",
        "@civ-clone/core-yield": "^0.1.0"
      }
    },
    "@civ-clone/core-world-generator": {
      "version": "0.1.3",
      "resolved": "https://registry.npmjs.org/@civ-clone/core-world-generator/-/core-world-generator-0.1.3.tgz",
      "integrity": "sha512-6Q7VNisEAnh6kYxMDDuLTHof+l+u0oWMq7vCe+P7srK3H9tF0w0C0hl6DyziUn3shgp/2mjWBZngWm0/8PV0bw==",
      "requires": {
        "@civ-clone/core-player": "^0.1.6",
        "@civ-clone/core-registry": "^0.1.0",
        "@civ-clone/core-rule": "^0.1.0",
        "@civ-clone/core-terrain": "^0.1.0",
        "@civ-clone/core-world": "^0.1.10"
      }
    },
    "@civ-clone/core-yield": {
      "version": "0.1.4",
      "resolved": "https://registry.npmjs.org/@civ-clone/core-yield/-/core-yield-0.1.4.tgz",
      "integrity": "sha512-zXUcbQpmutleplRbwRU5O0Z/QAtBdGExpPC5UfoX34XvfkZN68A1O0PQf1xNL+5i4jHyUNldh0+biUnbzI4sWg==",
      "requires": {
        "@civ-clone/core-data-object": "^0.1.0",
        "@civ-clone/core-registry": "^0.1.0"
      }
    },
    "@dom111/typed-event-emitter": {
      "version": "0.1.2",
      "resolved": "https://registry.npmjs.org/@dom111/typed-event-emitter/-/typed-event-emitter-0.1.2.tgz",
      "integrity": "sha512-bYq57LL7+p4iTDjwkccauT94Z3TiYuCL3CCBSdHLwcefexpfLUiGX41yTXbK2xKKSfoX4NsDAH1TvXArBPWMJw=="
    },
    "@types/node": {
      "version": "14.18.42",
      "resolved": "https://registry.npmjs.org/@types/node/-/node-14.18.42.tgz",
      "integrity": "sha512-xefu+RBie4xWlK8hwAzGh3npDz/4VhF6icY/shU+zv/1fNn+ZVG7T7CRwe9LId9sAYRPxI+59QBPuKL3WpyGRg==",
      "dev": true
    },
    "prettier": {
      "version": "2.8.7",
      "resolved": "https://registry.npmjs.org/prettier/-/prettier-2.8.7.tgz",
      "integrity": "sha512-yPngTo3aXUUmyuTjeTUT75txrf+aMh9FiD7q9ZE/i6r0bPb22g4FsE6Y338PQX1bmfy08i9QQCB7/rcUAVntfw==",
      "dev": true
    },
    "typescript": {
      "version": "4.9.5",
      "resolved": "https://registry.npmjs.org/typescript/-/typescript-4.9.5.tgz",
      "integrity": "sha512-1FXk9E2Hm+QzZQ7z+McJiHL4NW1F2EzMu9Nq9i3zAaGqibafqYwCVU6WyWAuyQRRzOlxou8xZSyXLEN8oKj24g==",
      "dev": true
    }
  }
}
